
Microsoft Visual Studio Solution File, Format Version 12.00
# Visual Studio Version 17
VisualStudioVersion = 17.4.33122.133
MinimumVisualStudioVersion = 10.0.40219.1
Project("{9A19103F-16F7-4668-BE54-9A1E7A4F7556}") = "C Sharp", "C Sharp\C Sharp.csproj", "{6A98E14F-F25A-4D81-88F8-8CD009717ABB}"
EndProject
Project("{FAE04EC0-301F-11D3-BF4B-00C04F79EFBC}") = "Snake", "Snake\Snake.csproj", "{DDA89B98-A904-40A5-ABE9-4267FEA3F0A4}"
EndProject
Global
	GlobalSection(SolutionConfigurationPlatforms) = preSolution
		Debug|Any CPU = Debug|Any CPU
		Release|Any CPU = Release|Any CPU
	EndGlobalSection
	GlobalSection(ProjectConfigurationPlatforms) = postSolution
		{6A98E14F-F25A-4D81-88F8-8CD009717ABB}.Debug|Any CPU.ActiveCfg = Debug|Any CPU
		{6A98E14F-F25A-4D81-88F8-8CD009717ABB}.Debug|Any CPU.Build.0 = Debug|Any CPU
		{6A98E14F-F25A-4D81-88F8-8CD009717ABB}.Release|Any CPU.ActiveCfg = Release|Any CPU
		{6A98E14F-F25A-4D81-88F8-8CD009717ABB}.Release|Any CPU.Build.0 = Release|Any CPU
		{DDA89B98-A904-40A5-ABE9-4267FEA3F0A4}.Debug|Any CPU.ActiveCfg = Debug|Any CPU
		{DDA89B98-A904-40A5-ABE9-4267FEA3F0A4}.Debug|Any CPU.Build.0 = Debug|Any CPU
		{DDA89B98-A904-40A5-ABE9-4267FEA3F0A4}.Release|Any CPU.ActiveCfg = Release|Any CPU
		{DDA89B98-A904-40A5-ABE9-4267FEA3F0A4}.Release|Any CPU.Build.0 = Release|Any CPU
	EndGlobalSection
	GlobalSection(SolutionProperties) = preSolution
		HideSolutionNode = FALSE
	EndGlobalSection
	GlobalSection(ExtensibilityGlobals) = postSolution
		SolutionGuid = {F9E5DAFB-2D2D-4A5D-880E-34794B239036}
	EndGlobalSection
EndGlobal
